# This file is autogenerated, do not edit; changes may be undone by the next 'dep ensure'.


[[projects]]
  name = "github.com/bitly/go-simplejson"
  packages = ["."]
  revision = "aabad6e819789e569bd6aabf444c935aa9ba1e44"
  version = "v0.5.0"

[solve-meta]
  analyzer-name = "dep"
  analyzer-version = 1
  inputs-digest = "2a5574f454cd12a7f2cb55b50e89e968d0ecbdb3009f3946b4f31a73d95f9825"
  solver-name = "gps-cdcl"
  solver-version = 1
